
Microsoft Visual Studio Solution File, Format Version 12.00
# Visual Studio Version 16
VisualStudioVersion = 25.0.1706.3
MinimumVisualStudioVersion = 10.0.40219.1
Project("{FAE04EC0-301F-11D3-BF4B-00C04F79EFBC}") = "Todo.WebApi", "Todo.WebApi\Todo.WebApi.csproj", "{19F83345-F928-4390-8A99-4B7C6443150C}"
EndProject
Global
	GlobalSection(SolutionConfigurationPlatforms) = preSolution
		Debug|Any CPU = Debug|Any CPU
		Release|Any CPU = Release|Any CPU
	EndGlobalSection
	GlobalSection(ProjectConfigurationPlatforms) = postSolution
		{19F83345-F928-4390-8A99-4B7C6443150C}.Debug|Any CPU.ActiveCfg = Debug|Any CPU
		{19F83345-F928-4390-8A99-4B7C6443150C}.Debug|Any CPU.Build.0 = Debug|Any CPU
		{19F83345-F928-4390-8A99-4B7C6443150C}.Release|Any CPU.ActiveCfg = Release|Any CPU
		{19F83345-F928-4390-8A99-4B7C6443150C}.Release|Any CPU.Build.0 = Release|Any CPU
	EndGlobalSection
	GlobalSection(SolutionProperties) = preSolution
		HideSolutionNode = FALSE
	EndGlobalSection
	GlobalSection(ExtensibilityGlobals) = postSolution
		SolutionGuid = {B863D6DD-2BD3-4816-B1F2-0ABBB039C6CF}
	EndGlobalSection
EndGlobal
